
Microsoft Visual Studio Solution File, Format Version 12.00
# Visual Studio Version 16
VisualStudioVersion = 16.0.31729.503
MinimumVisualStudioVersion = 10.0.40219.1
Project("{FAE04EC0-301F-11D3-BF4B-00C04F79EFBC}") = "project-3", "project-3\project-3.csproj", "{D32B64C6-0D70-4354-BF46-C2EB5CD7E6EF}"
EndProject
Global
	GlobalSection(SolutionConfigurationPlatforms) = preSolution
		Debug|Any CPU = Debug|Any CPU
		Release|Any CPU = Release|Any CPU
	EndGlobalSection
	GlobalSection(ProjectConfigurationPlatforms) = postSolution
		{D32B64C6-0D70-4354-BF46-C2EB5CD7E6EF}.Debug|Any CPU.ActiveCfg = Debug|Any CPU
		{D32B64C6-0D70-4354-BF46-C2EB5CD7E6EF}.Debug|Any CPU.Build.0 = Debug|Any CPU
		{D32B64C6-0D70-4354-BF46-C2EB5CD7E6EF}.Release|Any CPU.ActiveCfg = Release|Any CPU
		{D32B64C6-0D70-4354-BF46-C2EB5CD7E6EF}.Release|Any CPU.Build.0 = Release|Any CPU
	EndGlobalSection
	GlobalSection(SolutionProperties) = preSolution
		HideSolutionNode = FALSE
	EndGlobalSection
	GlobalSection(ExtensibilityGlobals) = postSolution
		SolutionGuid = {D311EC1E-D9DC-4908-8807-115B7C0C2DA5}
	EndGlobalSection
EndGlobal
